{
  "version": 4,
  "terraform_version": "1.4.2",
  "serial": 8,
  "lineage": "8a851f55-2e59-5e87-b287-c7f6824f8faf",
  "outputs": {},
  "resources": [
    {
      "mode": "data",
      "type": "aws_key_pair",
      "name": "satyam-gurukul-sey",
      "provider": "provider[\"registry.terraform.io/hashicorp/aws\"]",
      "instances": [
        {
          "schema_version": 0,
          "attributes": {
            "arn": "arn:aws:ec2:us-east-1:331061725593:key-pair/satyam123",
            "create_time": "2023-03-29T06:53:59Z",
            "filter": null,
            "fingerprint": "e6:62:fb:3d:c9:46:68:6f:4a:23:af:cd:48:66:3c:48:c8:c1:50:17",
            "id": "key-08dfb06ac3d055bda",
            "include_public_key": true,
            "key_name": "satyam123",
            "key_pair_id": "key-08dfb06ac3d055bda",
            "key_type": "rsa",
            "public_key": "ssh-rsa AAAAB3NzaC1yc2EAAAADAQABAAABAQDSzShSDb7WxGwUq5KU9G1lMFcwWVrAZ6f24b3PGwz4geHqAn4relRjbG+E/SPGJw33bAKcuEJc2ZNUPonbd1Yh1qVw9HvAezIf4iX+rY4W/b/KwOiO6p9uDnvS0JB2EK9S0z9uwkYizfzffLFHMO7DnZ1YmU7BNv4K7SpdSsPxNiHyTF6zvfno1rBPHSimGWTjeAI8NGRFlRNvyzRul5FTnhXRvJdVfb6GiXdhrvdmKlahlrc8YR+a+ySA+QGhQO/tK/zG+nKUvmdHmtIjNiARmzXcu4lovwVUAKZ3qS3RoaJVU49NYDiAOodWcjitVmye+b6hch4VumxQhCRawDGt satyam123",
            "tags": {},
            "timeouts": null
          },
          "sensitive_attributes": []
        }
      ]
    },
    {
      "mode": "managed",
      "type": "aws_instance",
      "name": "esop-satyam",
      "provider": "provider[\"registry.terraform.io/hashicorp/aws\"]",
      "instances": []
    },
    {
      "mode": "managed",
      "type": "aws_subnet",
      "name": "satyam-subnet",
      "provider": "provider[\"registry.terraform.io/hashicorp/aws\"]",
      "instances": [
        {
          "schema_version": 1,
          "attributes": {
            "arn": "arn:aws:ec2:us-east-1:331061725593:subnet/subnet-0477dfb419edbdb64",
            "assign_ipv6_address_on_creation": false,
            "availability_zone": "us-east-1b",
            "availability_zone_id": "use1-az2",
            "cidr_block": "10.0.0.64/28",
            "customer_owned_ipv4_pool": "",
            "enable_dns64": false,
            "enable_resource_name_dns_a_record_on_launch": false,
            "enable_resource_name_dns_aaaa_record_on_launch": false,
            "id": "subnet-0477dfb419edbdb64",
            "ipv6_cidr_block": "",
            "ipv6_cidr_block_association_id": "",
            "ipv6_native": false,
            "map_customer_owned_ip_on_launch": false,
            "map_public_ip_on_launch": false,
            "outpost_arn": "",
            "owner_id": "331061725593",
            "private_dns_hostname_type_on_launch": "ip-name",
            "tags": {
              "Name": "Satyam subnet"
            },
            "tags_all": {
              "Name": "Satyam subnet"
            },
            "timeouts": null,
            "vpc_id": "vpc-019c09a1a0c5b4f6b"
          },
          "sensitive_attributes": [],
          "private": "eyJlMmJmYjczMC1lY2FhLTExZTYtOGY4OC0zNDM2M2JjN2M0YzAiOnsiY3JlYXRlIjo2MDAwMDAwMDAwMDAsImRlbGV0ZSI6MTIwMDAwMDAwMDAwMH0sInNjaGVtYV92ZXJzaW9uIjoiMSJ9"
        }
      ]
    }
  ],
  "check_results": null
}
